
Microsoft Visual Studio Solution File, Format Version 12.00
# Visual Studio Version 17
VisualStudioVersion = 17.10.35122.118
MinimumVisualStudioVersion = 10.0.40219.1
Project("{9A19103F-16F7-4668-BE54-9A1E7A4F7556}") = "IdentityApiExample", "WebApplication2\IdentityApiExample.csproj", "{8FDA7EB6-8887-4999-9118-81E69C1EDD81}"
EndProject
Global
	GlobalSection(SolutionConfigurationPlatforms) = preSolution
		Debug|Any CPU = Debug|Any CPU
		Release|Any CPU = Release|Any CPU
	EndGlobalSection
	GlobalSection(ProjectConfigurationPlatforms) = postSolution
		{8FDA7EB6-8887-4999-9118-81E69C1EDD81}.Debug|Any CPU.ActiveCfg = Debug|Any CPU
		{8FDA7EB6-8887-4999-9118-81E69C1EDD81}.Debug|Any CPU.Build.0 = Debug|Any CPU
		{8FDA7EB6-8887-4999-9118-81E69C1EDD81}.Release|Any CPU.ActiveCfg = Release|Any CPU
		{8FDA7EB6-8887-4999-9118-81E69C1EDD81}.Release|Any CPU.Build.0 = Release|Any CPU
	EndGlobalSection
	GlobalSection(SolutionProperties) = preSolution
		HideSolutionNode = FALSE
	EndGlobalSection
	GlobalSection(ExtensibilityGlobals) = postSolution
		SolutionGuid = {0625EDE9-BDDF-4A8E-96A7-E5E942EE14FB}
	EndGlobalSection
EndGlobal
